
Microsoft Visual Studio Solution File, Format Version 12.00
# Visual Studio 15
VisualStudioVersion = 15.0.26730.10
MinimumVisualStudioVersion = 10.0.40219.1
Project("{FAE04EC0-301F-11D3-BF4B-00C04F79EFBC}") = "Parser", "parser\parser.csproj", "{254331E3-831D-471F-B6CF-A75A62FB0041}"
EndProject
Global
	GlobalSection(SolutionConfigurationPlatforms) = preSolution
		Debug|Any CPU = Debug|Any CPU
		Release|Any CPU = Release|Any CPU
	EndGlobalSection
	GlobalSection(ProjectConfigurationPlatforms) = postSolution
		{254331E3-831D-471F-B6CF-A75A62FB0041}.Debug|Any CPU.ActiveCfg = Debug|Any CPU
		{254331E3-831D-471F-B6CF-A75A62FB0041}.Debug|Any CPU.Build.0 = Debug|Any CPU
		{254331E3-831D-471F-B6CF-A75A62FB0041}.Release|Any CPU.ActiveCfg = Release|Any CPU
		{254331E3-831D-471F-B6CF-A75A62FB0041}.Release|Any CPU.Build.0 = Release|Any CPU
	EndGlobalSection
	GlobalSection(SolutionProperties) = preSolution
		HideSolutionNode = FALSE
	EndGlobalSection
	GlobalSection(ExtensibilityGlobals) = postSolution
		SolutionGuid = {D529BE09-711E-41EE-8E4B-7A81E775DA05}
	EndGlobalSection
EndGlobal
